// !$*UTF8*$!
{
	archiveVersion = 1;
	classes = {
	};
	objectVersion = 56;
	objects = {

/* Begin PBXBuildFile section */
		7732977628F7A515009B6552 /* CacuBaTau2App.swift in Sources */ = {isa = PBXBuildFile; fileRef = 7732977528F7A515009B6552 /* CacuBaTau2App.swift */; };
		7732977828F7A515009B6552 /* ContentView.swift in Sources */ = {isa = PBXBuildFile; fileRef = 7732977728F7A515009B6552 /* ContentView.swift */; };
		7732977A28F7A515009B6552 /* Assets.xcassets in Resources */ = {isa = PBXBuildFile; fileRef = 7732977928F7A515009B6552 /* Assets.xcassets */; };
		7732977E28F7A515009B6552 /* Preview Assets.xcassets in Resources */ = {isa = PBXBuildFile; fileRef = 7732977D28F7A515009B6552 /* Preview Assets.xcassets */; };
		7732978828F7A515009B6552 /* CacuBaTau2Tests.swift in Sources */ = {isa = PBXBuildFile; fileRef = 7732978728F7A515009B6552 /* CacuBaTau2Tests.swift */; };
		7732979228F7A515009B6552 /* CacuBaTau2UITests.swift in Sources */ = {isa = PBXBuildFile; fileRef = 7732979128F7A515009B6552 /* CacuBaTau2UITests.swift */; };
		7732979428F7A515009B6552 /* CacuBaTau2UITestsLaunchTests.swift in Sources */ = {isa = PBXBuildFile; fileRef = 7732979328F7A515009B6552 /* CacuBaTau2UITestsLaunchTests.swift */; };
/* End PBXBuildFile section */

/* Begin PBXContainerItemProxy section */
		7732978428F7A515009B6552 /* PBXContainerItemProxy */ = {
			isa = PBXContainerItemProxy;
			containerPortal = 7732976A28F7A515009B6552 /* Project object */;
			proxyType = 1;
			remoteGlobalIDString = 7732977128F7A515009B6552;
			remoteInfo = CacuBaTau2;
		};
		7732978E28F7A515009B6552 /* PBXContainerItemProxy */ = {
			isa = PBXContainerItemProxy;
			containerPortal = 7732976A28F7A515009B6552 /* Project object */;
			proxyType = 1;
			remoteGlobalIDString = 7732977128F7A515009B6552;
			remoteInfo = CacuBaTau2;
		};
/* End PBXContainerItemProxy section */

/* Begin PBXFileReference section */
		7732977228F7A515009B6552 /* CacuBaTau2.app */ = {isa = PBXFileReference; explicitFileType = wrapper.application; includeInIndex = 0; path = CacuBaTau2.app; sourceTree = BUILT_PRODUCTS_DIR; };
		7732977528F7A515009B6552 /* CacuBaTau2App.swift */ = {isa = PBXFileReference; lastKnownFileType = sourcecode.swift; path = CacuBaTau2App.swift; sourceTree = "<group>"; };
		7732977728F7A515009B6552 /* ContentView.swift */ = {isa = PBXFileReference; lastKnownFileType = sourcecode.swift; path = ContentView.swift; sourceTree = "<group>"; };
		7732977928F7A515009B6552 /* Assets.xcassets */ = {isa = PBXFileReference; lastKnownFileType = folder.assetcatalog; path = Assets.xcassets; sourceTree = "<group>"; };
		7732977B28F7A515009B6552 /* CacuBaTau2.entitlements */ = {isa = PBXFileReference; lastKnownFileType = text.plist.entitlements; path = CacuBaTau2.entitlements; sourceTree = "<group>"; };
		7732977D28F7A515009B6552 /* Preview Assets.xcassets */ = {isa = PBXFileReference; lastKnownFileType = folder.assetcatalog; path = "Preview Assets.xcassets"; sourceTree = "<group>"; };
		7732978328F7A515009B6552 /* CacuBaTau2Tests.xctest */ = {isa = PBXFileReference; explicitFileType = wrapper.cfbundle; includeInIndex = 0; path = CacuBaTau2Tests.xctest; sourceTree = BUILT_PRODUCTS_DIR; };
		7732978728F7A515009B6552 /* CacuBaTau2Tests.swift */ = {isa = PBXFileReference; lastKnownFileType = sourcecode.swift; path = CacuBaTau2Tests.swift; sourceTree = "<group>"; };
		7732978D28F7A515009B6552 /* CacuBaTau2UITests.xctest */ = {isa = PBXFileReference; explicitFileType = wrapper.cfbundle; includeInIndex = 0; path = CacuBaTau2UITests.xctest; sourceTree = BUILT_PRODUCTS_DIR; };
		7732979128F7A515009B6552 /* CacuBaTau2UITests.swift */ = {isa = PBXFileReference; lastKnownFileType = sourcecode.swift; path = CacuBaTau2UITests.swift; sourceTree = "<group>"; };
		7732979328F7A515009B6552 /* CacuBaTau2UITestsLaunchTests.swift */ = {isa = PBXFileReference; lastKnownFileType = sourcecode.swift; path = CacuBaTau2UITestsLaunchTests.swift; sourceTree = "<group>"; };
/* End PBXFileReference section */

/* Begin PBXFrameworksBuildPhase section */
		7732976F28F7A515009B6552 /* Frameworks */ = {
			isa = PBXFrameworksBuildPhase;
			buildActionMask = 2147483647;
			files = (
			);
			runOnlyForDeploymentPostprocessing = 0;
		};
		7732978028F7A515009B6552 /* Frameworks */ = {
			isa = PBXFrameworksBuildPhase;
			buildActionMask = 2147483647;
			files = (
			);
			runOnlyForDeploymentPostprocessing = 0;
		};
		7732978A28F7A515009B6552 /* Frameworks */ = {
			isa = PBXFrameworksBuildPhase;
			buildActionMask = 2147483647;
			files = (
			);
			runOnlyForDeploymentPostprocessing = 0;
		};
/* End PBXFrameworksBuildPhase section */

/* Begin PBXGroup section */
		7732976928F7A515009B6552 = {
			isa = PBXGroup;
			children = (
				7732977428F7A515009B6552 /* CacuBaTau2 */,
				7732978628F7A515009B6552 /* CacuBaTau2Tests */,
				7732979028F7A515009B6552 /* CacuBaTau2UITests */,
				7732977328F7A515009B6552 /* Products */,
			);
			sourceTree = "<group>";
		};
		7732977328F7A515009B6552 /* Products */ = {
			isa = PBXGroup;
			children = (
				7732977228F7A515009B6552 /* CacuBaTau2.app */,
				7732978328F7A515009B6552 /* CacuBaTau2Tests.xctest */,
				7732978D28F7A515009B6552 /* CacuBaTau2UITests.xctest */,
			);
			name = Products;
			sourceTree = "<group>";
		};
		7732977428F7A515009B6552 /* CacuBaTau2 */ = {
			isa = PBXGroup;
			children = (
				7732977528F7A515009B6552 /* CacuBaTau2App.swift */,
				7732977728F7A515009B6552 /* ContentView.swift */,
				7732977928F7A515009B6552 /* Assets.xcassets */,
				7732977B28F7A515009B6552 /* CacuBaTau2.entitlements */,
				7732977C28F7A515009B6552 /* Preview Content */,
			);
			path = CacuBaTau2;
			sourceTree = "<group>";
		};
		7732977C28F7A515009B6552 /* Preview Content */ = {
			isa = PBXGroup;
			children = (
				7732977D28F7A515009B6552 /* Preview Assets.xcassets */,
			);
			path = "Preview Content";
			sourceTree = "<group>";
		};
		7732978628F7A515009B6552 /* CacuBaTau2Tests */ = {
			isa = PBXGroup;
			children = (
				7732978728F7A515009B6552 /* CacuBaTau2Tests.swift */,
			);
			path = CacuBaTau2Tests;
			sourceTree = "<group>";
		};
		7732979028F7A515009B6552 /* CacuBaTau2UITests */ = {
			isa = PBXGroup;
			children = (
				7732979128F7A515009B6552 /* CacuBaTau2UITests.swift */,
				7732979328F7A515009B6552 /* CacuBaTau2UITestsLaunchTests.swift */,
			);
			path = CacuBaTau2UITests;
			sourceTree = "<group>";
		};
/* End PBXGroup section */

/* Begin PBXNativeTarget section */
		7732977128F7A515009B6552 /* CacuBaTau2 */ = {
			isa = PBXNativeTarget;
			buildConfigurationList = 7732979728F7A515009B6552 /* Build configuration list for PBXNativeTarget "CacuBaTau2" */;
			buildPhases = (
				7732976E28F7A515009B6552 /* Sources */,
				7732976F28F7A515009B6552 /* Frameworks */,
				7732977028F7A515009B6552 /* Resources */,
			);
			buildRules = (
			);
			dependencies = (
			);
			name = CacuBaTau2;
			productName = CacuBaTau2;
			productReference = 7732977228F7A515009B6552 /* CacuBaTau2.app */;
			productType = "com.apple.product-type.application";
		};
		7732978228F7A515009B6552 /* CacuBaTau2Tests */ = {
			isa = PBXNativeTarget;
			buildConfigurationList = 7732979A28F7A515009B6552 /* Build configuration list for PBXNativeTarget "CacuBaTau2Tests" */;
			buildPhases = (
				7732977F28F7A515009B6552 /* Sources */,
				7732978028F7A515009B6552 /* Frameworks */,
				7732978128F7A515009B6552 /* Resources */,
			);
			buildRules = (
			);
			dependencies = (
				7732978528F7A515009B6552 /* PBXTargetDependency */,
			);
			name = CacuBaTau2Tests;
			productName = CacuBaTau2Tests;
			productReference = 7732978328F7A515009B6552 /* CacuBaTau2Tests.xctest */;
			productType = "com.apple.product-type.bundle.unit-test";
		};
		7732978C28F7A515009B6552 /* CacuBaTau2UITests */ = {
			isa = PBXNativeTarget;
			buildConfigurationList = 7732979D28F7A515009B6552 /* Build configuration list for PBXNativeTarget "CacuBaTau2UITests" */;
			buildPhases = (
				7732978928F7A515009B6552 /* Sources */,
				7732978A28F7A515009B6552 /* Frameworks */,
				7732978B28F7A515009B6552 /* Resources */,
			);
			buildRules = (
			);
			dependencies = (
				7732978F28F7A515009B6552 /* PBXTargetDependency */,
			);
			name = CacuBaTau2UITests;
			productName = CacuBaTau2UITests;
			productReference = 7732978D28F7A515009B6552 /* CacuBaTau2UITests.xctest */;
			productType = "com.apple.product-type.bundle.ui-testing";
		};
/* End PBXNativeTarget section */

/* Begin PBXProject section */
		7732976A28F7A515009B6552 /* Project object */ = {
			isa = PBXProject;
			attributes = {
				BuildIndependentTargetsInParallel = 1;
				LastSwiftUpdateCheck = 1400;
				LastUpgradeCheck = 1400;
				TargetAttributes = {
					7732977128F7A515009B6552 = {
						CreatedOnToolsVersion = 14.0.1;
					};
					7732978228F7A515009B6552 = {
						CreatedOnToolsVersion = 14.0.1;
						TestTargetID = 7732977128F7A515009B6552;
					};
					7732978C28F7A515009B6552 = {
						CreatedOnToolsVersion = 14.0.1;
						TestTargetID = 7732977128F7A515009B6552;
					};
				};
			};
			buildConfigurationList = 7732976D28F7A515009B6552 /* Build configuration list for PBXProject "CacuBaTau2" */;
			compatibilityVersion = "Xcode 14.0";
			developmentRegion = en;
			hasScannedForEncodings = 0;
			knownRegions = (
				en,
				Base,
			);
			mainGroup = 7732976928F7A515009B6552;
			productRefGroup = 7732977328F7A515009B6552 /* Products */;
			projectDirPath = "";
			projectRoot = "";
			targets = (
				7732977128F7A515009B6552 /* CacuBaTau2 */,
				7732978228F7A515009B6552 /* CacuBaTau2Tests */,
				7732978C28F7A515009B6552 /* CacuBaTau2UITests */,
			);
		};
/* End PBXProject section */

/* Begin PBXResourcesBuildPhase section */
		7732977028F7A515009B6552 /* Resources */ = {
			isa = PBXResourcesBuildPhase;
			buildActionMask = 2147483647;
			files = (
				7732977E28F7A515009B6552 /* Preview Assets.xcassets in Resources */,
				7732977A28F7A515009B6552 /* Assets.xcassets in Resources */,
			);
			runOnlyForDeploymentPostprocessing = 0;
		};
		7732978128F7A515009B6552 /* Resources */ = {
			isa = PBXResourcesBuildPhase;
			buildActionMask = 2147483647;
			files = (
			);
			runOnlyForDeploymentPostprocessing = 0;
		};
		7732978B28F7A515009B6552 /* Resources */ = {
			isa = PBXResourcesBuildPhase;
			buildActionMask = 2147483647;
			files = (
			);
			runOnlyForDeploymentPostprocessing = 0;
		};
/* End PBXResourcesBuildPhase section */

/* Begin PBXSourcesBuildPhase section */
		7732976E28F7A515009B6552 /* Sources */ = {
			isa = PBXSourcesBuildPhase;
			buildActionMask = 2147483647;
			files = (
				7732977828F7A515009B6552 /* ContentView.swift in Sources */,
				7732977628F7A515009B6552 /* CacuBaTau2App.swift in Sources */,
			);
			runOnlyForDeploymentPostprocessing = 0;
		};
		7732977F28F7A515009B6552 /* Sources */ = {
			isa = PBXSourcesBuildPhase;
			buildActionMask = 2147483647;
			files = (
				7732978828F7A515009B6552 /* CacuBaTau2Tests.swift in Sources */,
			);
			runOnlyForDeploymentPostprocessing = 0;
		};
		7732978928F7A515009B6552 /* Sources */ = {
			isa = PBXSourcesBuildPhase;
			buildActionMask = 2147483647;
			files = (
				7732979228F7A515009B6552 /* CacuBaTau2UITests.swift in Sources */,
				7732979428F7A515009B6552 /* CacuBaTau2UITestsLaunchTests.swift in Sources */,
			);
			runOnlyForDeploymentPostprocessing = 0;
		};
/* End PBXSourcesBuildPhase section */

/* Begin PBXTargetDependency section */
		7732978528F7A515009B6552 /* PBXTargetDependency */ = {
			isa = PBXTargetDependency;
			target = 7732977128F7A515009B6552 /* CacuBaTau2 */;
			targetProxy = 7732978428F7A515009B6552 /* PBXContainerItemProxy */;
		};
		7732978F28F7A515009B6552 /* PBXTargetDependency */ = {
			isa = PBXTargetDependency;
			target = 7732977128F7A515009B6552 /* CacuBaTau2 */;
			targetProxy = 7732978E28F7A515009B6552 /* PBXContainerItemProxy */;
		};
/* End PBXTargetDependency section */

/* Begin XCBuildConfiguration section */
		7732979528F7A515009B6552 /* Debug */ = {
			isa = XCBuildConfiguration;
			buildSettings = {
				ALWAYS_SEARCH_USER_PATHS = NO;
				CLANG_ANALYZER_NONNULL = YES;
				CLANG_ANALYZER_NUMBER_OBJECT_CONVERSION = YES_AGGRESSIVE;
				CLANG_CXX_LANGUAGE_STANDARD = "gnu++20";
				CLANG_ENABLE_MODULES = YES;
				CLANG_ENABLE_OBJC_ARC = YES;
				CLANG_ENABLE_OBJC_WEAK = YES;
				CLANG_WARN_BLOCK_CAPTURE_AUTORELEASING = YES;
				CLANG_WARN_BOOL_CONVERSION = YES;
				CLANG_WARN_COMMA = YES;
				CLANG_WARN_CONSTANT_CONVERSION = YES;
				CLANG_WARN_DEPRECATED_OBJC_IMPLEMENTATIONS = YES;
				CLANG_WARN_DIRECT_OBJC_ISA_USAGE = YES_ERROR;
				CLANG_WARN_DOCUMENTATION_COMMENTS = YES;
				CLANG_WARN_EMPTY_BODY = YES;
				CLANG_WARN_ENUM_CONVERSION = YES;
				CLANG_WARN_INFINITE_RECURSION = YES;
				CLANG_WARN_INT_CONVERSION = YES;
				CLANG_WARN_NON_LITERAL_NULL_CONVERSION = YES;
				CLANG_WARN_OBJC_IMPLICIT_RETAIN_SELF = YES;
				CLANG_WARN_OBJC_LITERAL_CONVERSION = YES;
				CLANG_WARN_OBJC_ROOT_CLASS = YES_ERROR;
				CLANG_WARN_QUOTED_INCLUDE_IN_FRAMEWORK_HEADER = YES;
				CLANG_WARN_RANGE_LOOP_ANALYSIS = YES;
				CLANG_WARN_STRICT_PROTOTYPES = YES;
				CLANG_WARN_SUSPICIOUS_MOVE = YES;
				CLANG_WARN_UNGUARDED_AVAILABILITY = YES_AGGRESSIVE;
				CLANG_WARN_UNREACHABLE_CODE = YES;
				CLANG_WARN__DUPLICATE_METHOD_MATCH = YES;
				COPY_PHASE_STRIP = NO;
				DEBUG_INFORMATION_FORMAT = dwarf;
				ENABLE_STRICT_OBJC_MSGSEND = YES;
				ENABLE_TESTABILITY = YES;
				GCC_C_LANGUAGE_STANDARD = gnu11;
				GCC_DYNAMIC_NO_PIC = NO;
				GCC_NO_COMMON_BLOCKS = YES;
				GCC_OPTIMIZATION_LEVEL = 0;
				GCC_PREPROCESSOR_DEFINITIONS = (
					"DEBUG=1",
					"$(inherited)",
				);
				GCC_WARN_64_TO_32_BIT_CONVERSION = YES;
				GCC_WARN_ABOUT_RETURN_TYPE = YES_ERROR;
				GCC_WARN_UNDECLARED_SELECTOR = YES;
				GCC_WARN_UNINITIALIZED_AUTOS = YES_AGGRESSIVE;
				GCC_WARN_UNUSED_FUNCTION = YES;
				GCC_WARN_UNUSED_VARIABLE = YES;
				MTL_ENABLE_DEBUG_INFO = INCLUDE_SOURCE;
				MTL_FAST_MATH = YES;
				ONLY_ACTIVE_ARCH = YES;
				SWIFT_ACTIVE_COMPILATION_CONDITIONS = DEBUG;
				SWIFT_OPTIMIZATION_LEVEL = "-Onone";
			};
			name = Debug;
		};
		7732979628F7A515009B6552 /* Release */ = {
			isa = XCBuildConfiguration;
			buildSettings = {
				ALWAYS_SEARCH_USER_PATHS = NO;
				CLANG_ANALYZER_NONNULL = YES;
				CLANG_ANALYZER_NUMBER_OBJECT_CONVERSION = YES_AGGRESSIVE;
				CLANG_CXX_LANGUAGE_STANDARD = "gnu++20";
				CLANG_ENABLE_MODULES = YES;
				CLANG_ENABLE_OBJC_ARC = YES;
				CLANG_ENABLE_OBJC_WEAK = YES;
				CLANG_WARN_BLOCK_CAPTURE_AUTORELEASING = YES;
				CLANG_WARN_BOOL_CONVERSION = YES;
				CLANG_WARN_COMMA = YES;
				CLANG_WARN_CONSTANT_CONVERSION = YES;
				CLANG_WARN_DEPRECATED_OBJC_IMPLEMENTATIONS = YES;
				CLANG_WARN_DIRECT_OBJC_ISA_USAGE = YES_ERROR;
				CLANG_WARN_DOCUMENTATION_COMMENTS = YES;
				CLANG_WARN_EMPTY_BODY = YES;
				CLANG_WARN_ENUM_CONVERSION = YES;
				CLANG_WARN_INFINITE_RECURSION = YES;
				CLANG_WARN_INT_CONVERSION = YES;
				CLANG_WARN_NON_LITERAL_NULL_CONVERSION = YES;
				CLANG_WARN_OBJC_IMPLICIT_RETAIN_SELF = YES;
				CLANG_WARN_OBJC_LITERAL_CONVERSION = YES;
				CLANG_WARN_OBJC_ROOT_CLASS = YES_ERROR;
				CLANG_WARN_QUOTED_INCLUDE_IN_FRAMEWORK_HEADER = YES;
				CLANG_WARN_RANGE_LOOP_ANALYSIS = YES;
				CLANG_WARN_STRICT_PROTOTYPES = YES;
				CLANG_WARN_SUSPICIOUS_MOVE = YES;
				CLANG_WARN_UNGUARDED_AVAILABILITY = YES_AGGRESSIVE;
				CLANG_WARN_UNREACHABLE_CODE = YES;
				CLANG_WARN__DUPLICATE_METHOD_MATCH = YES;
				COPY_PHASE_STRIP = NO;
				DEBUG_INFORMATION_FORMAT = "dwarf-with-dsym";
				ENABLE_NS_ASSERTIONS = NO;
				ENABLE_STRICT_OBJC_MSGSEND = YES;
				GCC_C_LANGUAGE_STANDARD = gnu11;
				GCC_NO_COMMON_BLOCKS = YES;
				GCC_WARN_64_TO_32_BIT_CONVERSION = YES;
				GCC_WARN_ABOUT_RETURN_TYPE = YES_ERROR;
				GCC_WARN_UNDECLARED_SELECTOR = YES;
				GCC_WARN_UNINITIALIZED_AUTOS = YES_AGGRESSIVE;
				GCC_WARN_UNUSED_FUNCTION = YES;
				GCC_WARN_UNUSED_VARIABLE = YES;
				MTL_ENABLE_DEBUG_INFO = NO;
				MTL_FAST_MATH = YES;
				SWIFT_COMPILATION_MODE = wholemodule;
				SWIFT_OPTIMIZATION_LEVEL = "-O";
			};
			name = Release;
		};
		7732979828F7A515009B6552 /* Debug */ = {
			isa = XCBuildConfiguration;
			buildSettings = {
				ASSETCATALOG_COMPILER_APPICON_NAME = AppIcon;
				ASSETCATALOG_COMPILER_GLOBAL_ACCENT_COLOR_NAME = AccentColor;
				CODE_SIGN_ENTITLEMENTS = CacuBaTau2/CacuBaTau2.entitlements;
				CODE_SIGN_STYLE = Automatic;
				CURRENT_PROJECT_VERSION = 1;
				DEVELOPMENT_ASSET_PATHS = "\"CacuBaTau2/Preview Content\"";
				ENABLE_PREVIEWS = YES;
				GENERATE_INFOPLIST_FILE = YES;
				"INFOPLIST_KEY_UIApplicationSceneManifest_Generation[sdk=iphoneos*]" = YES;
				"INFOPLIST_KEY_UIApplicationSceneManifest_Generation[sdk=iphonesimulator*]" = YES;
				"INFOPLIST_KEY_UIApplicationSupportsIndirectInputEvents[sdk=iphoneos*]" = YES;
				"INFOPLIST_KEY_UIApplicationSupportsIndirectInputEvents[sdk=iphonesimulator*]" = YES;
				"INFOPLIST_KEY_UILaunchScreen_Generation[sdk=iphoneos*]" = YES;
				"INFOPLIST_KEY_UILaunchScreen_Generation[sdk=iphonesimulator*]" = YES;
				"INFOPLIST_KEY_UIStatusBarStyle[sdk=iphoneos*]" = UIStatusBarStyleDefault;
				"INFOPLIST_KEY_UIStatusBarStyle[sdk=iphonesimulator*]" = UIStatusBarStyleDefault;
				INFOPLIST_KEY_UISupportedInterfaceOrientations_iPad = "UIInterfaceOrientationPortrait UIInterfaceOrientationPortraitUpsideDown UIInterfaceOrientationLandscapeLeft UIInterfaceOrientationLandscapeRight";
				INFOPLIST_KEY_UISupportedInterfaceOrientations_iPhone = "UIInterfaceOrientationPortrait UIInterfaceOrientationLandscapeLeft UIInterfaceOrientationLandscapeRight";
				IPHONEOS_DEPLOYMENT_TARGET = 16.0;
				LD_RUNPATH_SEARCH_PATHS = "@executable_path/Frameworks";
				"LD_RUNPATH_SEARCH_PATHS[sdk=macosx*]" = "@executable_path/../Frameworks";
				MACOSX_DEPLOYMENT_TARGET = 12.3;
				MARKETING_VERSION = 1.0;
				PRODUCT_BUNDLE_IDENTIFIER = "-.CacuBaTau2";
				PRODUCT_NAME = "$(TARGET_NAME)";
				SDKROOT = auto;
				SUPPORTED_PLATFORMS = "iphoneos iphonesimulator macosx";
				SWIFT_EMIT_LOC_STRINGS = YES;
				SWIFT_VERSION = 5.0;
				TARGETED_DEVICE_FAMILY = "1,2";
			};
			name = Debug;
		};
		7732979928F7A515009B6552 /* Release */ = {
			isa = XCBuildConfiguration;
			buildSettings = {
				ASSETCATALOG_COMPILER_APPICON_NAME = AppIcon;
				ASSETCATALOG_COMPILER_GLOBAL_ACCENT_COLOR_NAME = AccentColor;
				CODE_SIGN_ENTITLEMENTS = CacuBaTau2/CacuBaTau2.entitlements;
				CODE_SIGN_STYLE = Automatic;
				CURRENT_PROJECT_VERSION = 1;
				DEVELOPMENT_ASSET_PATHS = "\"CacuBaTau2/Preview Content\"";
				ENABLE_PREVIEWS = YES;
				GENERATE_INFOPLIST_FILE = YES;
				"INFOPLIST_KEY_UIApplicationSceneManifest_Generation[sdk=iphoneos*]" = YES;
				"INFOPLIST_KEY_UIApplicationSceneManifest_Generation[sdk=iphonesimulator*]" = YES;
				"INFOPLIST_KEY_UIApplicationSupportsIndirectInputEvents[sdk=iphoneos*]" = YES;
				"INFOPLIST_KEY_UIApplicationSupportsIndirectInputEvents[sdk=iphonesimulator*]" = YES;
				"INFOPLIST_KEY_UILaunchScreen_Generation[sdk=iphoneos*]" = YES;
				"INFOPLIST_KEY_UILaunchScreen_Generation[sdk=iphonesimulator*]" = YES;
				"INFOPLIST_KEY_UIStatusBarStyle[sdk=iphoneos*]" = UIStatusBarStyleDefault;
				"INFOPLIST_KEY_UIStatusBarStyle[sdk=iphonesimulator*]" = UIStatusBarStyleDefault;
				INFOPLIST_KEY_UISupportedInterfaceOrientations_iPad = "UIInterfaceOrientationPortrait UIInterfaceOrientationPortraitUpsideDown UIInterfaceOrientationLandscapeLeft UIInterfaceOrientationLandscapeRight";
				INFOPLIST_KEY_UISupportedInterfaceOrientations_iPhone = "UIInterfaceOrientationPortrait UIInterfaceOrientationLandscapeLeft UIInterfaceOrientationLandscapeRight";
				IPHONEOS_DEPLOYMENT_TARGET = 16.0;
				LD_RUNPATH_SEARCH_PATHS = "@executable_path/Frameworks";
				"LD_RUNPATH_SEARCH_PATHS[sdk=macosx*]" = "@executable_path/../Frameworks";
				MACOSX_DEPLOYMENT_TARGET = 12.3;
				MARKETING_VERSION = 1.0;
				PRODUCT_BUNDLE_IDENTIFIER = "-.CacuBaTau2";
				PRODUCT_NAME = "$(TARGET_NAME)";
				SDKROOT = auto;
				SUPPORTED_PLATFORMS = "iphoneos iphonesimulator macosx";
				SWIFT_EMIT_LOC_STRINGS = YES;
				SWIFT_VERSION = 5.0;
				TARGETED_DEVICE_FAMILY = "1,2";
			};
			name = Release;
		};
		7732979B28F7A515009B6552 /* Debug */ = {
			isa = XCBuildConfiguration;
			buildSettings = {
				ALWAYS_EMBED_SWIFT_STANDARD_LIBRARIES = YES;
				BUNDLE_LOADER = "$(TEST_HOST)";
				CODE_SIGN_STYLE = Automatic;
				CURRENT_PROJECT_VERSION = 1;
				GENERATE_INFOPLIST_FILE = YES;
				IPHONEOS_DEPLOYMENT_TARGET = 16.0;
				MACOSX_DEPLOYMENT_TARGET = 12.3;
				MARKETING_VERSION = 1.0;
				PRODUCT_BUNDLE_IDENTIFIER = "-.CacuBaTau2Tests";
				PRODUCT_NAME = "$(TARGET_NAME)";
				SDKROOT = auto;
				SUPPORTED_PLATFORMS = "iphoneos iphonesimulator macosx";
				SWIFT_EMIT_LOC_STRINGS = NO;
				SWIFT_VERSION = 5.0;
				TARGETED_DEVICE_FAMILY = "1,2";
				TEST_HOST = "$(BUILT_PRODUCTS_DIR)/CacuBaTau2.app/$(BUNDLE_EXECUTABLE_FOLDER_PATH)/CacuBaTau2";
			};
			name = Debug;
		};
		7732979C28F7A515009B6552 /* Release */ = {
			isa = XCBuildConfiguration;
			buildSettings = {
				ALWAYS_EMBED_SWIFT_STANDARD_LIBRARIES = YES;
				BUNDLE_LOADER = "$(TEST_HOST)";
				CODE_SIGN_STYLE = Automatic;
				CURRENT_PROJECT_VERSION = 1;
				GENERATE_INFOPLIST_FILE = YES;
				IPHONEOS_DEPLOYMENT_TARGET = 16.0;
				MACOSX_DEPLOYMENT_TARGET = 12.3;
				MARKETING_VERSION = 1.0;
				PRODUCT_BUNDLE_IDENTIFIER = "-.CacuBaTau2Tests";
				PRODUCT_NAME = "$(TARGET_NAME)";
				SDKROOT = auto;
				SUPPORTED_PLATFORMS = "iphoneos iphonesimulator macosx";
				SWIFT_EMIT_LOC_STRINGS = NO;
				SWIFT_VERSION = 5.0;
				TARGETED_DEVICE_FAMILY = "1,2";
				TEST_HOST = "$(BUILT_PRODUCTS_DIR)/CacuBaTau2.app/$(BUNDLE_EXECUTABLE_FOLDER_PATH)/CacuBaTau2";
			};
			name = Release;
		};
		7732979E28F7A515009B6552 /* Debug */ = {
			isa = XCBuildConfiguration;
			buildSettings = {
				ALWAYS_EMBED_SWIFT_STANDARD_LIBRARIES = YES;
				CODE_SIGN_STYLE = Automatic;
				CURRENT_PROJECT_VERSION = 1;
				GENERATE_INFOPLIST_FILE = YES;
				IPHONEOS_DEPLOYMENT_TARGET = 16.0;
				MACOSX_DEPLOYMENT_TARGET = 12.3;
				MARKETING_VERSION = 1.0;
				PRODUCT_BUNDLE_IDENTIFIER = "-.CacuBaTau2UITests";
				PRODUCT_NAME = "$(TARGET_NAME)";
				SDKROOT = auto;
				SUPPORTED_PLATFORMS = "iphoneos iphonesimulator macosx";
				SWIFT_EMIT_LOC_STRINGS = NO;
				SWIFT_VERSION = 5.0;
				TARGETED_DEVICE_FAMILY = "1,2";
				TEST_TARGET_NAME = CacuBaTau2;
			};
			name = Debug;
		};
		7732979F28F7A515009B6552 /* Release */ = {
			isa = XCBuildConfiguration;
			buildSettings = {
				ALWAYS_EMBED_SWIFT_STANDARD_LIBRARIES = YES;
				CODE_SIGN_STYLE = Automatic;
				CURRENT_PROJECT_VERSION = 1;
				GENERATE_INFOPLIST_FILE = YES;
				IPHONEOS_DEPLOYMENT_TARGET = 16.0;
				MACOSX_DEPLOYMENT_TARGET = 12.3;
				MARKETING_VERSION = 1.0;
				PRODUCT_BUNDLE_IDENTIFIER = "-.CacuBaTau2UITests";
				PRODUCT_NAME = "$(TARGET_NAME)";
				SDKROOT = auto;
				SUPPORTED_PLATFORMS = "iphoneos iphonesimulator macosx";
				SWIFT_EMIT_LOC_STRINGS = NO;
				SWIFT_VERSION = 5.0;
				TARGETED_DEVICE_FAMILY = "1,2";
				TEST_TARGET_NAME = CacuBaTau2;
			};
			name = Release;
		};
/* End XCBuildConfiguration section */

/* Begin XCConfigurationList section */
		7732976D28F7A515009B6552 /* Build configuration list for PBXProject "CacuBaTau2" */ = {
			isa = XCConfigurationList;
			buildConfigurations = (
				7732979528F7A515009B6552 /* Debug */,
				7732979628F7A515009B6552 /* Release */,
			);
			defaultConfigurationIsVisible = 0;
			defaultConfigurationName = Release;
		};
		7732979728F7A515009B6552 /* Build configuration list for PBXNativeTarget "CacuBaTau2" */ = {
			isa = XCConfigurationList;
			buildConfigurations = (
				7732979828F7A515009B6552 /* Debug */,
				7732979928F7A515009B6552 /* Release */,
			);
			defaultConfigurationIsVisible = 0;
			defaultConfigurationName = Release;
		};
		7732979A28F7A515009B6552 /* Build configuration list for PBXNativeTarget "CacuBaTau2Tests" */ = {
			isa = XCConfigurationList;
			buildConfigurations = (
				7732979B28F7A515009B6552 /* Debug */,
				7732979C28F7A515009B6552 /* Release */,
			);
			defaultConfigurationIsVisible = 0;
			defaultConfigurationName = Release;
		};
		7732979D28F7A515009B6552 /* Build configuration list for PBXNativeTarget "CacuBaTau2UITests" */ = {
			isa = XCConfigurationList;
			buildConfigurations = (
				7732979E28F7A515009B6552 /* Debug */,
				7732979F28F7A515009B6552 /* Release */,
			);
			defaultConfigurationIsVisible = 0;
			defaultConfigurationName = Release;
		};
/* End XCConfigurationList section */
	};
	rootObject = 7732976A28F7A515009B6552 /* Project object */;
}
